
Microsoft Visual Studio Solution File, Format Version 12.00
# Visual Studio Express 2012 for Web
Project("{FAE04EC0-301F-11D3-BF4B-00C04F79EFBC}") = "BootstrapIntroduction", "BootstrapIntroduction\BootstrapIntroduction.csproj", "{CFA2330A-17F5-48E5-A523-93A08D3DADC8}"
EndProject
Global
	GlobalSection(SolutionConfigurationPlatforms) = preSolution
		Debug|Any CPU = Debug|Any CPU
		Release|Any CPU = Release|Any CPU
	EndGlobalSection
	GlobalSection(ProjectConfigurationPlatforms) = postSolution
		{CFA2330A-17F5-48E5-A523-93A08D3DADC8}.Debug|Any CPU.ActiveCfg = Debug|Any CPU
		{CFA2330A-17F5-48E5-A523-93A08D3DADC8}.Debug|Any CPU.Build.0 = Debug|Any CPU
		{CFA2330A-17F5-48E5-A523-93A08D3DADC8}.Release|Any CPU.ActiveCfg = Release|Any CPU
		{CFA2330A-17F5-48E5-A523-93A08D3DADC8}.Release|Any CPU.Build.0 = Release|Any CPU
	EndGlobalSection
	GlobalSection(SolutionProperties) = preSolution
		HideSolutionNode = FALSE
	EndGlobalSection
EndGlobal
